
Microsoft Visual Studio Solution File, Format Version 12.00
# Visual Studio Version 17
VisualStudioVersion = 17.6.33723.286
MinimumVisualStudioVersion = 10.0.40219.1
Project("{FAE04EC0-301F-11D3-BF4B-00C04F79EFBC}") = "RacunanjeFaktorijela", "RacunanjeFaktorijela\RacunanjeFaktorijela.csproj", "{541E0184-76E0-4824-BC32-EB9D7352CF93}"
EndProject
Global
	GlobalSection(SolutionConfigurationPlatforms) = preSolution
		Debug|Any CPU = Debug|Any CPU
		Release|Any CPU = Release|Any CPU
	EndGlobalSection
	GlobalSection(ProjectConfigurationPlatforms) = postSolution
		{541E0184-76E0-4824-BC32-EB9D7352CF93}.Debug|Any CPU.ActiveCfg = Debug|Any CPU
		{541E0184-76E0-4824-BC32-EB9D7352CF93}.Debug|Any CPU.Build.0 = Debug|Any CPU
		{541E0184-76E0-4824-BC32-EB9D7352CF93}.Release|Any CPU.ActiveCfg = Release|Any CPU
		{541E0184-76E0-4824-BC32-EB9D7352CF93}.Release|Any CPU.Build.0 = Release|Any CPU
	EndGlobalSection
	GlobalSection(SolutionProperties) = preSolution
		HideSolutionNode = FALSE
	EndGlobalSection
	GlobalSection(ExtensibilityGlobals) = postSolution
		SolutionGuid = {AEE734C8-5E22-4AC6-86DF-F2AC90B596BF}
	EndGlobalSection
EndGlobal
